
Microsoft Visual Studio Solution File, Format Version 12.00
# Visual Studio Version 17
VisualStudioVersion = 17.13.35818.85 d17.13
MinimumVisualStudioVersion = 10.0.40219.1
Project("{FAE04EC0-301F-11D3-BF4B-00C04F79EFBC}") = "ST10439055_PROG_POE_WPF", "ST10439055_PROG_POE_WPF.csproj", "{6E7562CC-9DFC-4D45-90D9-B062FCE62CA1}"
EndProject
Global
	GlobalSection(SolutionConfigurationPlatforms) = preSolution
		Debug|Any CPU = Debug|Any CPU
		Release|Any CPU = Release|Any CPU
	EndGlobalSection
	GlobalSection(ProjectConfigurationPlatforms) = postSolution
		{6E7562CC-9DFC-4D45-90D9-B062FCE62CA1}.Debug|Any CPU.ActiveCfg = Debug|Any CPU
		{6E7562CC-9DFC-4D45-90D9-B062FCE62CA1}.Debug|Any CPU.Build.0 = Debug|Any CPU
		{6E7562CC-9DFC-4D45-90D9-B062FCE62CA1}.Release|Any CPU.ActiveCfg = Release|Any CPU
		{6E7562CC-9DFC-4D45-90D9-B062FCE62CA1}.Release|Any CPU.Build.0 = Release|Any CPU
	EndGlobalSection
	GlobalSection(SolutionProperties) = preSolution
		HideSolutionNode = FALSE
	EndGlobalSection
	GlobalSection(ExtensibilityGlobals) = postSolution
		SolutionGuid = {0DE8C416-A29A-4069-A9C9-0F611F64AAB4}
	EndGlobalSection
EndGlobal
